
Microsoft Visual Studio Solution File, Format Version 12.00
# Visual Studio Version 16
VisualStudioVersion = 16.0.29806.167
MinimumVisualStudioVersion = 10.0.40219.1
Project("{9A19103F-16F7-4668-BE54-9A1E7A4F7556}") = "Vezbe", "Vezbe.csproj", "{5DFC321A-C045-497C-92AD-540B078358B1}"
EndProject
Project("{9A19103F-16F7-4668-BE54-9A1E7A4F7556}") = "Zadatak1", "Zadatak1\Zadatak1.csproj", "{BA02E05A-6742-4900-851F-9A6F9F352D0F}"
EndProject
Project("{9A19103F-16F7-4668-BE54-9A1E7A4F7556}") = "Zadatak2", "Zadatak2\Zadatak2.csproj", "{606193B5-6FB2-41CA-A321-0AC8BF67B3A2}"
EndProject
Project("{9A19103F-16F7-4668-BE54-9A1E7A4F7556}") = "Zadatak3", "Zadatak3\Zadatak3.csproj", "{979ABE1B-A1C9-4FA4-B0AF-738FCC4C2E5C}"
EndProject
Project("{2150E333-8FDC-42A3-9474-1A3956D46DE8}") = "Solution Items", "Solution Items", "{DC2E7E0D-9327-411B-B50D-0F0C3A801989}"
	ProjectSection(SolutionItems) = preProject
		zadatak5\Zadatak5.csproj = zadatak5\Zadatak5.csproj
	EndProjectSection
EndProject
Project("{9A19103F-16F7-4668-BE54-9A1E7A4F7556}") = "Zadatak5", "zadatak5\Zadatak5.csproj", "{4C718BFE-31F3-4B2F-A581-352E23478CB0}"
EndProject
Global
	GlobalSection(SolutionConfigurationPlatforms) = preSolution
		Debug|Any CPU = Debug|Any CPU
		Release|Any CPU = Release|Any CPU
	EndGlobalSection
	GlobalSection(ProjectConfigurationPlatforms) = postSolution
		{5DFC321A-C045-497C-92AD-540B078358B1}.Debug|Any CPU.ActiveCfg = Debug|Any CPU
		{5DFC321A-C045-497C-92AD-540B078358B1}.Debug|Any CPU.Build.0 = Debug|Any CPU
		{5DFC321A-C045-497C-92AD-540B078358B1}.Release|Any CPU.ActiveCfg = Release|Any CPU
		{5DFC321A-C045-497C-92AD-540B078358B1}.Release|Any CPU.Build.0 = Release|Any CPU
		{BA02E05A-6742-4900-851F-9A6F9F352D0F}.Debug|Any CPU.ActiveCfg = Debug|Any CPU
		{BA02E05A-6742-4900-851F-9A6F9F352D0F}.Debug|Any CPU.Build.0 = Debug|Any CPU
		{BA02E05A-6742-4900-851F-9A6F9F352D0F}.Release|Any CPU.ActiveCfg = Release|Any CPU
		{BA02E05A-6742-4900-851F-9A6F9F352D0F}.Release|Any CPU.Build.0 = Release|Any CPU
		{606193B5-6FB2-41CA-A321-0AC8BF67B3A2}.Debug|Any CPU.ActiveCfg = Debug|Any CPU
		{606193B5-6FB2-41CA-A321-0AC8BF67B3A2}.Debug|Any CPU.Build.0 = Debug|Any CPU
		{606193B5-6FB2-41CA-A321-0AC8BF67B3A2}.Release|Any CPU.ActiveCfg = Release|Any CPU
		{606193B5-6FB2-41CA-A321-0AC8BF67B3A2}.Release|Any CPU.Build.0 = Release|Any CPU
		{979ABE1B-A1C9-4FA4-B0AF-738FCC4C2E5C}.Debug|Any CPU.ActiveCfg = Debug|Any CPU
		{979ABE1B-A1C9-4FA4-B0AF-738FCC4C2E5C}.Debug|Any CPU.Build.0 = Debug|Any CPU
		{979ABE1B-A1C9-4FA4-B0AF-738FCC4C2E5C}.Release|Any CPU.ActiveCfg = Release|Any CPU
		{979ABE1B-A1C9-4FA4-B0AF-738FCC4C2E5C}.Release|Any CPU.Build.0 = Release|Any CPU
		{4C718BFE-31F3-4B2F-A581-352E23478CB0}.Debug|Any CPU.ActiveCfg = Debug|Any CPU
		{4C718BFE-31F3-4B2F-A581-352E23478CB0}.Debug|Any CPU.Build.0 = Debug|Any CPU
		{4C718BFE-31F3-4B2F-A581-352E23478CB0}.Release|Any CPU.ActiveCfg = Release|Any CPU
		{4C718BFE-31F3-4B2F-A581-352E23478CB0}.Release|Any CPU.Build.0 = Release|Any CPU
	EndGlobalSection
	GlobalSection(SolutionProperties) = preSolution
		HideSolutionNode = FALSE
	EndGlobalSection
	GlobalSection(ExtensibilityGlobals) = postSolution
		SolutionGuid = {783796B7-3F9A-4331-B53E-483D5E12BB2C}
	EndGlobalSection
EndGlobal
